// !$*UTF8*$!
{
	archiveVersion = 1;
	classes = {
	};
	objectVersion = 46;
	objects = {

/* Begin PBXBuildFile section */
		DBD8C0E01D89DA0E0001BE5F /* AppDelegate.swift in Sources */ = {isa = PBXBuildFile; fileRef = DBD8C0DF1D89DA0E0001BE5F /* AppDelegate.swift */; };
		DBD8C0E21D89DA0E0001BE5F /* ViewController.swift in Sources */ = {isa = PBXBuildFile; fileRef = DBD8C0E11D89DA0E0001BE5F /* ViewController.swift */; };
		DBD8C0E51D89DA0E0001BE5F /* Main.storyboard in Resources */ = {isa = PBXBuildFile; fileRef = DBD8C0E31D89DA0E0001BE5F /* Main.storyboard */; };
		DBD8C0E71D89DA0E0001BE5F /* Assets.xcassets in Resources */ = {isa = PBXBuildFile; fileRef = DBD8C0E61D89DA0E0001BE5F /* Assets.xcassets */; };
		DBD8C0EA1D89DA0E0001BE5F /* LaunchScreen.storyboard in Resources */ = {isa = PBXBuildFile; fileRef = DBD8C0E81D89DA0E0001BE5F /* LaunchScreen.storyboard */; };
		DBD8C0F51D89DA0E0001BE5F /* LabGabrielPerezTests.swift in Sources */ = {isa = PBXBuildFile; fileRef = DBD8C0F41D89DA0E0001BE5F /* LabGabrielPerezTests.swift */; };
		DBD8C1001D89DA0E0001BE5F /* LabGabrielPerezUITests.swift in Sources */ = {isa = PBXBuildFile; fileRef = DBD8C0FF1D89DA0E0001BE5F /* LabGabrielPerezUITests.swift */; };
		DBD8C1121D89E68F0001BE5F /* AnaranjadoViewController.swift in Sources */ = {isa = PBXBuildFile; fileRef = DBD8C1111D89E68F0001BE5F /* AnaranjadoViewController.swift */; };
		DBEE45C51D89F7AF006451CD /* FrutasTableViewController.swift in Sources */ = {isa = PBXBuildFile; fileRef = DBEE45C41D89F7AF006451CD /* FrutasTableViewController.swift */; };
		DBEE45C71D8A04EB006451CD /* AzulViewController.swift in Sources */ = {isa = PBXBuildFile; fileRef = DBEE45C61D8A04EB006451CD /* AzulViewController.swift */; };
/* End PBXBuildFile section */

/* Begin PBXContainerItemProxy section */
		DBD8C0F11D89DA0E0001BE5F /* PBXContainerItemProxy */ = {
			isa = PBXContainerItemProxy;
			containerPortal = DBD8C0D41D89DA0E0001BE5F /* Project object */;
			proxyType = 1;
			remoteGlobalIDString = DBD8C0DB1D89DA0E0001BE5F;
			remoteInfo = LabGabrielPerez;
		};
		DBD8C0FC1D89DA0E0001BE5F /* PBXContainerItemProxy */ = {
			isa = PBXContainerItemProxy;
			containerPortal = DBD8C0D41D89DA0E0001BE5F /* Project object */;
			proxyType = 1;
			remoteGlobalIDString = DBD8C0DB1D89DA0E0001BE5F;
			remoteInfo = LabGabrielPerez;
		};
/* End PBXContainerItemProxy section */

/* Begin PBXFileReference section */
		DBD8C0DC1D89DA0E0001BE5F /* LabGabrielPerez.app */ = {isa = PBXFileReference; explicitFileType = wrapper.application; includeInIndex = 0; path = LabGabrielPerez.app; sourceTree = BUILT_PRODUCTS_DIR; };
		DBD8C0DF1D89DA0E0001BE5F /* AppDelegate.swift */ = {isa = PBXFileReference; lastKnownFileType = sourcecode.swift; path = AppDelegate.swift; sourceTree = "<group>"; };
		DBD8C0E11D89DA0E0001BE5F /* ViewController.swift */ = {isa = PBXFileReference; lastKnownFileType = sourcecode.swift; path = ViewController.swift; sourceTree = "<group>"; };
		DBD8C0E41D89DA0E0001BE5F /* Base */ = {isa = PBXFileReference; lastKnownFileType = file.storyboard; name = Base; path = Base.lproj/Main.storyboard; sourceTree = "<group>"; };
		DBD8C0E61D89DA0E0001BE5F /* Assets.xcassets */ = {isa = PBXFileReference; lastKnownFileType = folder.assetcatalog; path = Assets.xcassets; sourceTree = "<group>"; };
		DBD8C0E91D89DA0E0001BE5F /* Base */ = {isa = PBXFileReference; lastKnownFileType = file.storyboard; name = Base; path = Base.lproj/LaunchScreen.storyboard; sourceTree = "<group>"; };
		DBD8C0EB1D89DA0E0001BE5F /* Info.plist */ = {isa = PBXFileReference; lastKnownFileType = text.plist.xml; path = Info.plist; sourceTree = "<group>"; };
		DBD8C0F01D89DA0E0001BE5F /* LabGabrielPerezTests.xctest */ = {isa = PBXFileReference; explicitFileType = wrapper.cfbundle; includeInIndex = 0; path = LabGabrielPerezTests.xctest; sourceTree = BUILT_PRODUCTS_DIR; };
		DBD8C0F41D89DA0E0001BE5F /* LabGabrielPerezTests.swift */ = {isa = PBXFileReference; lastKnownFileType = sourcecode.swift; path = LabGabrielPerezTests.swift; sourceTree = "<group>"; };
		DBD8C0F61D89DA0E0001BE5F /* Info.plist */ = {isa = PBXFileReference; lastKnownFileType = text.plist.xml; path = Info.plist; sourceTree = "<group>"; };
		DBD8C0FB1D89DA0E0001BE5F /* LabGabrielPerezUITests.xctest */ = {isa = PBXFileReference; explicitFileType = wrapper.cfbundle; includeInIndex = 0; path = LabGabrielPerezUITests.xctest; sourceTree = BUILT_PRODUCTS_DIR; };
		DBD8C0FF1D89DA0E0001BE5F /* LabGabrielPerezUITests.swift */ = {isa = PBXFileReference; lastKnownFileType = sourcecode.swift; path = LabGabrielPerezUITests.swift; sourceTree = "<group>"; };
		DBD8C1011D89DA0E0001BE5F /* Info.plist */ = {isa = PBXFileReference; lastKnownFileType = text.plist.xml; path = Info.plist; sourceTree = "<group>"; };
		DBD8C1111D89E68F0001BE5F /* AnaranjadoViewController.swift */ = {isa = PBXFileReference; fileEncoding = 4; lastKnownFileType = sourcecode.swift; path = AnaranjadoViewController.swift; sourceTree = "<group>"; };
		DBEE45C41D89F7AF006451CD /* FrutasTableViewController.swift */ = {isa = PBXFileReference; fileEncoding = 4; lastKnownFileType = sourcecode.swift; path = FrutasTableViewController.swift; sourceTree = "<group>"; };
		DBEE45C61D8A04EB006451CD /* AzulViewController.swift */ = {isa = PBXFileReference; fileEncoding = 4; lastKnownFileType = sourcecode.swift; path = AzulViewController.swift; sourceTree = "<group>"; };
/* End PBXFileReference section */

/* Begin PBXFrameworksBuildPhase section */
		DBD8C0D91D89DA0E0001BE5F /* Frameworks */ = {
			isa = PBXFrameworksBuildPhase;
			buildActionMask = 2147483647;
			files = (
			);
			runOnlyForDeploymentPostprocessing = 0;
		};
		DBD8C0ED1D89DA0E0001BE5F /* Frameworks */ = {
			isa = PBXFrameworksBuildPhase;
			buildActionMask = 2147483647;
			files = (
			);
			runOnlyForDeploymentPostprocessing = 0;
		};
		DBD8C0F81D89DA0E0001BE5F /* Frameworks */ = {
			isa = PBXFrameworksBuildPhase;
			buildActionMask = 2147483647;
			files = (
			);
			runOnlyForDeploymentPostprocessing = 0;
		};
/* End PBXFrameworksBuildPhase section */

/* Begin PBXGroup section */
		DBD8C0D31D89DA0E0001BE5F = {
			isa = PBXGroup;
			children = (
				DBD8C0DE1D89DA0E0001BE5F /* LabGabrielPerez */,
				DBD8C0F31D89DA0E0001BE5F /* LabGabrielPerezTests */,
				DBD8C0FE1D89DA0E0001BE5F /* LabGabrielPerezUITests */,
				DBD8C0DD1D89DA0E0001BE5F /* Products */,
			);
			sourceTree = "<group>";
		};
		DBD8C0DD1D89DA0E0001BE5F /* Products */ = {
			isa = PBXGroup;
			children = (
				DBD8C0DC1D89DA0E0001BE5F /* LabGabrielPerez.app */,
				DBD8C0F01D89DA0E0001BE5F /* LabGabrielPerezTests.xctest */,
				DBD8C0FB1D89DA0E0001BE5F /* LabGabrielPerezUITests.xctest */,
			);
			name = Products;
			sourceTree = "<group>";
		};
		DBD8C0DE1D89DA0E0001BE5F /* LabGabrielPerez */ = {
			isa = PBXGroup;
			children = (
				DBD8C0DF1D89DA0E0001BE5F /* AppDelegate.swift */,
				DBD8C0E11D89DA0E0001BE5F /* ViewController.swift */,
				DBD8C0E31D89DA0E0001BE5F /* Main.storyboard */,
				DBD8C0E61D89DA0E0001BE5F /* Assets.xcassets */,
				DBD8C0E81D89DA0E0001BE5F /* LaunchScreen.storyboard */,
				DBD8C0EB1D89DA0E0001BE5F /* Info.plist */,
				DBD8C1111D89E68F0001BE5F /* AnaranjadoViewController.swift */,
				DBEE45C41D89F7AF006451CD /* FrutasTableViewController.swift */,
				DBEE45C61D8A04EB006451CD /* AzulViewController.swift */,
			);
			path = LabGabrielPerez;
			sourceTree = "<group>";
		};
		DBD8C0F31D89DA0E0001BE5F /* LabGabrielPerezTests */ = {
			isa = PBXGroup;
			children = (
				DBD8C0F41D89DA0E0001BE5F /* LabGabrielPerezTests.swift */,
				DBD8C0F61D89DA0E0001BE5F /* Info.plist */,
			);
			path = LabGabrielPerezTests;
			sourceTree = "<group>";
		};
		DBD8C0FE1D89DA0E0001BE5F /* LabGabrielPerezUITests */ = {
			isa = PBXGroup;
			children = (
				DBD8C0FF1D89DA0E0001BE5F /* LabGabrielPerezUITests.swift */,
				DBD8C1011D89DA0E0001BE5F /* Info.plist */,
			);
			path = LabGabrielPerezUITests;
			sourceTree = "<group>";
		};
/* End PBXGroup section */

/* Begin PBXNativeTarget section */
		DBD8C0DB1D89DA0E0001BE5F /* LabGabrielPerez */ = {
			isa = PBXNativeTarget;
			buildConfigurationList = DBD8C1041D89DA0E0001BE5F /* Build configuration list for PBXNativeTarget "LabGabrielPerez" */;
			buildPhases = (
				DBD8C0D81D89DA0E0001BE5F /* Sources */,
				DBD8C0D91D89DA0E0001BE5F /* Frameworks */,
				DBD8C0DA1D89DA0E0001BE5F /* Resources */,
			);
			buildRules = (
			);
			dependencies = (
			);
			name = LabGabrielPerez;
			productName = LabGabrielPerez;
			productReference = DBD8C0DC1D89DA0E0001BE5F /* LabGabrielPerez.app */;
			productType = "com.apple.product-type.application";
		};
		DBD8C0EF1D89DA0E0001BE5F /* LabGabrielPerezTests */ = {
			isa = PBXNativeTarget;
			buildConfigurationList = DBD8C1071D89DA0E0001BE5F /* Build configuration list for PBXNativeTarget "LabGabrielPerezTests" */;
			buildPhases = (
				DBD8C0EC1D89DA0E0001BE5F /* Sources */,
				DBD8C0ED1D89DA0E0001BE5F /* Frameworks */,
				DBD8C0EE1D89DA0E0001BE5F /* Resources */,
			);
			buildRules = (
			);
			dependencies = (
				DBD8C0F21D89DA0E0001BE5F /* PBXTargetDependency */,
			);
			name = LabGabrielPerezTests;
			productName = LabGabrielPerezTests;
			productReference = DBD8C0F01D89DA0E0001BE5F /* LabGabrielPerezTests.xctest */;
			productType = "com.apple.product-type.bundle.unit-test";
		};
		DBD8C0FA1D89DA0E0001BE5F /* LabGabrielPerezUITests */ = {
			isa = PBXNativeTarget;
			buildConfigurationList = DBD8C10A1D89DA0E0001BE5F /* Build configuration list for PBXNativeTarget "LabGabrielPerezUITests" */;
			buildPhases = (
				DBD8C0F71D89DA0E0001BE5F /* Sources */,
				DBD8C0F81D89DA0E0001BE5F /* Frameworks */,
				DBD8C0F91D89DA0E0001BE5F /* Resources */,
			);
			buildRules = (
			);
			dependencies = (
				DBD8C0FD1D89DA0E0001BE5F /* PBXTargetDependency */,
			);
			name = LabGabrielPerezUITests;
			productName = LabGabrielPerezUITests;
			productReference = DBD8C0FB1D89DA0E0001BE5F /* LabGabrielPerezUITests.xctest */;
			productType = "com.apple.product-type.bundle.ui-testing";
		};
/* End PBXNativeTarget section */

/* Begin PBXProject section */
		DBD8C0D41D89DA0E0001BE5F /* Project object */ = {
			isa = PBXProject;
			attributes = {
				LastSwiftUpdateCheck = 0720;
				LastUpgradeCheck = 0720;
				ORGANIZATIONNAME = "Tecnologico de Costa Rica";
				TargetAttributes = {
					DBD8C0DB1D89DA0E0001BE5F = {
						CreatedOnToolsVersion = 7.2;
					};
					DBD8C0EF1D89DA0E0001BE5F = {
						CreatedOnToolsVersion = 7.2;
						TestTargetID = DBD8C0DB1D89DA0E0001BE5F;
					};
					DBD8C0FA1D89DA0E0001BE5F = {
						CreatedOnToolsVersion = 7.2;
						TestTargetID = DBD8C0DB1D89DA0E0001BE5F;
					};
				};
			};
			buildConfigurationList = DBD8C0D71D89DA0E0001BE5F /* Build configuration list for PBXProject "LabGabrielPerez" */;
			compatibilityVersion = "Xcode 3.2";
			developmentRegion = English;
			hasScannedForEncodings = 0;
			knownRegions = (
				en,
				Base,
			);
			mainGroup = DBD8C0D31D89DA0E0001BE5F;
			productRefGroup = DBD8C0DD1D89DA0E0001BE5F /* Products */;
			projectDirPath = "";
			projectRoot = "";
			targets = (
				DBD8C0DB1D89DA0E0001BE5F /* LabGabrielPerez */,
				DBD8C0EF1D89DA0E0001BE5F /* LabGabrielPerezTests */,
				DBD8C0FA1D89DA0E0001BE5F /* LabGabrielPerezUITests */,
			);
		};
/* End PBXProject section */

/* Begin PBXResourcesBuildPhase section */
		DBD8C0DA1D89DA0E0001BE5F /* Resources */ = {
			isa = PBXResourcesBuildPhase;
			buildActionMask = 2147483647;
			files = (
				DBD8C0EA1D89DA0E0001BE5F /* LaunchScreen.storyboard in Resources */,
				DBD8C0E71D89DA0E0001BE5F /* Assets.xcassets in Resources */,
				DBD8C0E51D89DA0E0001BE5F /* Main.storyboard in Resources */,
			);
			runOnlyForDeploymentPostprocessing = 0;
		};
		DBD8C0EE1D89DA0E0001BE5F /* Resources */ = {
			isa = PBXResourcesBuildPhase;
			buildActionMask = 2147483647;
			files = (
			);
			runOnlyForDeploymentPostprocessing = 0;
		};
		DBD8C0F91D89DA0E0001BE5F /* Resources */ = {
			isa = PBXResourcesBuildPhase;
			buildActionMask = 2147483647;
			files = (
			);
			runOnlyForDeploymentPostprocessing = 0;
		};
/* End PBXResourcesBuildPhase section */

/* Begin PBXSourcesBuildPhase section */
		DBD8C0D81D89DA0E0001BE5F /* Sources */ = {
			isa = PBXSourcesBuildPhase;
			buildActionMask = 2147483647;
			files = (
				DBD8C0E21D89DA0E0001BE5F /* ViewController.swift in Sources */,
				DBD8C1121D89E68F0001BE5F /* AnaranjadoViewController.swift in Sources */,
				DBEE45C51D89F7AF006451CD /* FrutasTableViewController.swift in Sources */,
				DBEE45C71D8A04EB006451CD /* AzulViewController.swift in Sources */,
				DBD8C0E01D89DA0E0001BE5F /* AppDelegate.swift in Sources */,
			);
			runOnlyForDeploymentPostprocessing = 0;
		};
		DBD8C0EC1D89DA0E0001BE5F /* Sources */ = {
			isa = PBXSourcesBuildPhase;
			buildActionMask = 2147483647;
			files = (
				DBD8C0F51D89DA0E0001BE5F /* LabGabrielPerezTests.swift in Sources */,
			);
			runOnlyForDeploymentPostprocessing = 0;
		};
		DBD8C0F71D89DA0E0001BE5F /* Sources */ = {
			isa = PBXSourcesBuildPhase;
			buildActionMask = 2147483647;
			files = (
				DBD8C1001D89DA0E0001BE5F /* LabGabrielPerezUITests.swift in Sources */,
			);
			runOnlyForDeploymentPostprocessing = 0;
		};
/* End PBXSourcesBuildPhase section */

/* Begin PBXTargetDependency section */
		DBD8C0F21D89DA0E0001BE5F /* PBXTargetDependency */ = {
			isa = PBXTargetDependency;
			target = DBD8C0DB1D89DA0E0001BE5F /* LabGabrielPerez */;
			targetProxy = DBD8C0F11D89DA0E0001BE5F /* PBXContainerItemProxy */;
		};
		DBD8C0FD1D89DA0E0001BE5F /* PBXTargetDependency */ = {
			isa = PBXTargetDependency;
			target = DBD8C0DB1D89DA0E0001BE5F /* LabGabrielPerez */;
			targetProxy = DBD8C0FC1D89DA0E0001BE5F /* PBXContainerItemProxy */;
		};
/* End PBXTargetDependency section */

/* Begin PBXVariantGroup section */
		DBD8C0E31D89DA0E0001BE5F /* Main.storyboard */ = {
			isa = PBXVariantGroup;
			children = (
				DBD8C0E41D89DA0E0001BE5F /* Base */,
			);
			name = Main.storyboard;
			sourceTree = "<group>";
		};
		DBD8C0E81D89DA0E0001BE5F /* LaunchScreen.storyboard */ = {
			isa = PBXVariantGroup;
			children = (
				DBD8C0E91D89DA0E0001BE5F /* Base */,
			);
			name = LaunchScreen.storyboard;
			sourceTree = "<group>";
		};
/* End PBXVariantGroup section */

/* Begin XCBuildConfiguration section */
		DBD8C1021D89DA0E0001BE5F /* Debug */ = {
			isa = XCBuildConfiguration;
			buildSettings = {
				ALWAYS_SEARCH_USER_PATHS = NO;
				CLANG_CXX_LANGUAGE_STANDARD = "gnu++0x";
				CLANG_CXX_LIBRARY = "libc++";
				CLANG_ENABLE_MODULES = YES;
				CLANG_ENABLE_OBJC_ARC = YES;
				CLANG_WARN_BOOL_CONVERSION = YES;
				CLANG_WARN_CONSTANT_CONVERSION = YES;
				CLANG_WARN_DIRECT_OBJC_ISA_USAGE = YES_ERROR;
				CLANG_WARN_EMPTY_BODY = YES;
				CLANG_WARN_ENUM_CONVERSION = YES;
				CLANG_WARN_INT_CONVERSION = YES;
				CLANG_WARN_OBJC_ROOT_CLASS = YES_ERROR;
				CLANG_WARN_UNREACHABLE_CODE = YES;
				CLANG_WARN__DUPLICATE_METHOD_MATCH = YES;
				"CODE_SIGN_IDENTITY[sdk=iphoneos*]" = "iPhone Developer";
				COPY_PHASE_STRIP = NO;
				DEBUG_INFORMATION_FORMAT = dwarf;
				ENABLE_STRICT_OBJC_MSGSEND = YES;
				ENABLE_TESTABILITY = YES;
				GCC_C_LANGUAGE_STANDARD = gnu99;
				GCC_DYNAMIC_NO_PIC = NO;
				GCC_NO_COMMON_BLOCKS = YES;
				GCC_OPTIMIZATION_LEVEL = 0;
				GCC_PREPROCESSOR_DEFINITIONS = (
					"DEBUG=1",
					"$(inherited)",
				);
				GCC_WARN_64_TO_32_BIT_CONVERSION = YES;
				GCC_WARN_ABOUT_RETURN_TYPE = YES_ERROR;
				GCC_WARN_UNDECLARED_SELECTOR = YES;
				GCC_WARN_UNINITIALIZED_AUTOS = YES_AGGRESSIVE;
				GCC_WARN_UNUSED_FUNCTION = YES;
				GCC_WARN_UNUSED_VARIABLE = YES;
				IPHONEOS_DEPLOYMENT_TARGET = 9.2;
				MTL_ENABLE_DEBUG_INFO = YES;
				ONLY_ACTIVE_ARCH = YES;
				SDKROOT = iphoneos;
				SWIFT_OPTIMIZATION_LEVEL = "-Onone";
			};
			name = Debug;
		};
		DBD8C1031D89DA0E0001BE5F /* Release */ = {
			isa = XCBuildConfiguration;
			buildSettings = {
				ALWAYS_SEARCH_USER_PATHS = NO;
				CLANG_CXX_LANGUAGE_STANDARD = "gnu++0x";
				CLANG_CXX_LIBRARY = "libc++";
				CLANG_ENABLE_MODULES = YES;
				CLANG_ENABLE_OBJC_ARC = YES;
				CLANG_WARN_BOOL_CONVERSION = YES;
				CLANG_WARN_CONSTANT_CONVERSION = YES;
				CLANG_WARN_DIRECT_OBJC_ISA_USAGE = YES_ERROR;
				CLANG_WARN_EMPTY_BODY = YES;
				CLANG_WARN_ENUM_CONVERSION = YES;
				CLANG_WARN_INT_CONVERSION = YES;
				CLANG_WARN_OBJC_ROOT_CLASS = YES_ERROR;
				CLANG_WARN_UNREACHABLE_CODE = YES;
				CLANG_WARN__DUPLICATE_METHOD_MATCH = YES;
				"CODE_SIGN_IDENTITY[sdk=iphoneos*]" = "iPhone Developer";
				COPY_PHASE_STRIP = NO;
				DEBUG_INFORMATION_FORMAT = "dwarf-with-dsym";
				ENABLE_NS_ASSERTIONS = NO;
				ENABLE_STRICT_OBJC_MSGSEND = YES;
				GCC_C_LANGUAGE_STANDARD = gnu99;
				GCC_NO_COMMON_BLOCKS = YES;
				GCC_WARN_64_TO_32_BIT_CONVERSION = YES;
				GCC_WARN_ABOUT_RETURN_TYPE = YES_ERROR;
				GCC_WARN_UNDECLARED_SELECTOR = YES;
				GCC_WARN_UNINITIALIZED_AUTOS = YES_AGGRESSIVE;
				GCC_WARN_UNUSED_FUNCTION = YES;
				GCC_WARN_UNUSED_VARIABLE = YES;
				IPHONEOS_DEPLOYMENT_TARGET = 9.2;
				MTL_ENABLE_DEBUG_INFO = NO;
				SDKROOT = iphoneos;
				VALIDATE_PRODUCT = YES;
			};
			name = Release;
		};
		DBD8C1051D89DA0E0001BE5F /* Debug */ = {
			isa = XCBuildConfiguration;
			buildSettings = {
				ASSETCATALOG_COMPILER_APPICON_NAME = AppIcon;
				INFOPLIST_FILE = LabGabrielPerez/Info.plist;
				LD_RUNPATH_SEARCH_PATHS = "$(inherited) @executable_path/Frameworks";
				PRODUCT_BUNDLE_IDENTIFIER = edu.tec.LabGabrielPerez;
				PRODUCT_NAME = "$(TARGET_NAME)";
			};
			name = Debug;
		};
		DBD8C1061D89DA0E0001BE5F /* Release */ = {
			isa = XCBuildConfiguration;
			buildSettings = {
				ASSETCATALOG_COMPILER_APPICON_NAME = AppIcon;
				INFOPLIST_FILE = LabGabrielPerez/Info.plist;
				LD_RUNPATH_SEARCH_PATHS = "$(inherited) @executable_path/Frameworks";
				PRODUCT_BUNDLE_IDENTIFIER = edu.tec.LabGabrielPerez;
				PRODUCT_NAME = "$(TARGET_NAME)";
			};
			name = Release;
		};
		DBD8C1081D89DA0E0001BE5F /* Debug */ = {
			isa = XCBuildConfiguration;
			buildSettings = {
				BUNDLE_LOADER = "$(TEST_HOST)";
				INFOPLIST_FILE = LabGabrielPerezTests/Info.plist;
				LD_RUNPATH_SEARCH_PATHS = "$(inherited) @executable_path/Frameworks @loader_path/Frameworks";
				PRODUCT_BUNDLE_IDENTIFIER = edu.tec.LabGabrielPerezTests;
				PRODUCT_NAME = "$(TARGET_NAME)";
				TEST_HOST = "$(BUILT_PRODUCTS_DIR)/LabGabrielPerez.app/LabGabrielPerez";
			};
			name = Debug;
		};
		DBD8C1091D89DA0E0001BE5F /* Release */ = {
			isa = XCBuildConfiguration;
			buildSettings = {
				BUNDLE_LOADER = "$(TEST_HOST)";
				INFOPLIST_FILE = LabGabrielPerezTests/Info.plist;
				LD_RUNPATH_SEARCH_PATHS = "$(inherited) @executable_path/Frameworks @loader_path/Frameworks";
				PRODUCT_BUNDLE_IDENTIFIER = edu.tec.LabGabrielPerezTests;
				PRODUCT_NAME = "$(TARGET_NAME)";
				TEST_HOST = "$(BUILT_PRODUCTS_DIR)/LabGabrielPerez.app/LabGabrielPerez";
			};
			name = Release;
		};
		DBD8C10B1D89DA0E0001BE5F /* Debug */ = {
			isa = XCBuildConfiguration;
			buildSettings = {
				INFOPLIST_FILE = LabGabrielPerezUITests/Info.plist;
				LD_RUNPATH_SEARCH_PATHS = "$(inherited) @executable_path/Frameworks @loader_path/Frameworks";
				PRODUCT_BUNDLE_IDENTIFIER = edu.tec.LabGabrielPerezUITests;
				PRODUCT_NAME = "$(TARGET_NAME)";
				TEST_TARGET_NAME = LabGabrielPerez;
				USES_XCTRUNNER = YES;
			};
			name = Debug;
		};
		DBD8C10C1D89DA0E0001BE5F /* Release */ = {
			isa = XCBuildConfiguration;
			buildSettings = {
				INFOPLIST_FILE = LabGabrielPerezUITests/Info.plist;
				LD_RUNPATH_SEARCH_PATHS = "$(inherited) @executable_path/Frameworks @loader_path/Frameworks";
				PRODUCT_BUNDLE_IDENTIFIER = edu.tec.LabGabrielPerezUITests;
				PRODUCT_NAME = "$(TARGET_NAME)";
				TEST_TARGET_NAME = LabGabrielPerez;
				USES_XCTRUNNER = YES;
			};
			name = Release;
		};
/* End XCBuildConfiguration section */

/* Begin XCConfigurationList section */
		DBD8C0D71D89DA0E0001BE5F /* Build configuration list for PBXProject "LabGabrielPerez" */ = {
			isa = XCConfigurationList;
			buildConfigurations = (
				DBD8C1021D89DA0E0001BE5F /* Debug */,
				DBD8C1031D89DA0E0001BE5F /* Release */,
			);
			defaultConfigurationIsVisible = 0;
			defaultConfigurationName = Release;
		};
		DBD8C1041D89DA0E0001BE5F /* Build configuration list for PBXNativeTarget "LabGabrielPerez" */ = {
			isa = XCConfigurationList;
			buildConfigurations = (
				DBD8C1051D89DA0E0001BE5F /* Debug */,
				DBD8C1061D89DA0E0001BE5F /* Release */,
			);
			defaultConfigurationIsVisible = 0;
			defaultConfigurationName = Release;
		};
		DBD8C1071D89DA0E0001BE5F /* Build configuration list for PBXNativeTarget "LabGabrielPerezTests" */ = {
			isa = XCConfigurationList;
			buildConfigurations = (
				DBD8C1081D89DA0E0001BE5F /* Debug */,
				DBD8C1091D89DA0E0001BE5F /* Release */,
			);
			defaultConfigurationIsVisible = 0;
			defaultConfigurationName = Release;
		};
		DBD8C10A1D89DA0E0001BE5F /* Build configuration list for PBXNativeTarget "LabGabrielPerezUITests" */ = {
			isa = XCConfigurationList;
			buildConfigurations = (
				DBD8C10B1D89DA0E0001BE5F /* Debug */,
				DBD8C10C1D89DA0E0001BE5F /* Release */,
			);
			defaultConfigurationIsVisible = 0;
			defaultConfigurationName = Release;
		};
/* End XCConfigurationList section */
	};
	rootObject = DBD8C0D41D89DA0E0001BE5F /* Project object */;
}
